// !$*UTF8*$!
{
	archiveVersion = 1;
	classes = {
	};
	objectVersion = 50;
	objects = {

/* Begin PBXBuildFile section */
		FAD0F3E72168D894001C0CAB /* AppDelegate.swift in Sources */ = {isa = PBXBuildFile; fileRef = FAD0F3E62168D894001C0CAB /* AppDelegate.swift */; };
		FAD0F3E92168D894001C0CAB /* ViewController.swift in Sources */ = {isa = PBXBuildFile; fileRef = FAD0F3E82168D894001C0CAB /* ViewController.swift */; };
		FAD0F3EC2168D894001C0CAB /* Main.storyboard in Resources */ = {isa = PBXBuildFile; fileRef = FAD0F3EA2168D894001C0CAB /* Main.storyboard */; };
		FAD0F3EE2168D897001C0CAB /* Assets.xcassets in Resources */ = {isa = PBXBuildFile; fileRef = FAD0F3ED2168D897001C0CAB /* Assets.xcassets */; };
		FAD0F3F12168D897001C0CAB /* LaunchScreen.storyboard in Resources */ = {isa = PBXBuildFile; fileRef = FAD0F3EF2168D897001C0CAB /* LaunchScreen.storyboard */; };
/* End PBXBuildFile section */

/* Begin PBXFileReference section */
		FAD0F3E32168D894001C0CAB /* IOS-Swift-CoreMotionGyroscope01.app */ = {isa = PBXFileReference; explicitFileType = wrapper.application; includeInIndex = 0; path = "IOS-Swift-CoreMotionGyroscope01.app"; sourceTree = BUILT_PRODUCTS_DIR; };
		FAD0F3E62168D894001C0CAB /* AppDelegate.swift */ = {isa = PBXFileReference; lastKnownFileType = sourcecode.swift; path = AppDelegate.swift; sourceTree = "<group>"; };
		FAD0F3E82168D894001C0CAB /* ViewController.swift */ = {isa = PBXFileReference; lastKnownFileType = sourcecode.swift; path = ViewController.swift; sourceTree = "<group>"; };
		FAD0F3EB2168D894001C0CAB /* Base */ = {isa = PBXFileReference; lastKnownFileType = file.storyboard; name = Base; path = Base.lproj/Main.storyboard; sourceTree = "<group>"; };
		FAD0F3ED2168D897001C0CAB /* Assets.xcassets */ = {isa = PBXFileReference; lastKnownFileType = folder.assetcatalog; path = Assets.xcassets; sourceTree = "<group>"; };
		FAD0F3F02168D897001C0CAB /* Base */ = {isa = PBXFileReference; lastKnownFileType = file.storyboard; name = Base; path = Base.lproj/LaunchScreen.storyboard; sourceTree = "<group>"; };
		FAD0F3F22168D897001C0CAB /* Info.plist */ = {isa = PBXFileReference; lastKnownFileType = text.plist.xml; path = Info.plist; sourceTree = "<group>"; };
/* End PBXFileReference section */

/* Begin PBXFrameworksBuildPhase section */
		FAD0F3E02168D894001C0CAB /* Frameworks */ = {
			isa = PBXFrameworksBuildPhase;
			buildActionMask = 2147483647;
			files = (
			);
			runOnlyForDeploymentPostprocessing = 0;
		};
/* End PBXFrameworksBuildPhase section */

/* Begin PBXGroup section */
		FAD0F3DA2168D894001C0CAB = {
			isa = PBXGroup;
			children = (
				FAD0F3E52168D894001C0CAB /* IOS-Swift-CoreMotionGyroscope01 */,
				FAD0F3E42168D894001C0CAB /* Products */,
			);
			sourceTree = "<group>";
		};
		FAD0F3E42168D894001C0CAB /* Products */ = {
			isa = PBXGroup;
			children = (
				FAD0F3E32168D894001C0CAB /* IOS-Swift-CoreMotionGyroscope01.app */,
			);
			name = Products;
			sourceTree = "<group>";
		};
		FAD0F3E52168D894001C0CAB /* IOS-Swift-CoreMotionGyroscope01 */ = {
			isa = PBXGroup;
			children = (
				FAD0F3E62168D894001C0CAB /* AppDelegate.swift */,
				FAD0F3E82168D894001C0CAB /* ViewController.swift */,
				FAD0F3EA2168D894001C0CAB /* Main.storyboard */,
				FAD0F3ED2168D897001C0CAB /* Assets.xcassets */,
				FAD0F3EF2168D897001C0CAB /* LaunchScreen.storyboard */,
				FAD0F3F22168D897001C0CAB /* Info.plist */,
			);
			path = "IOS-Swift-CoreMotionGyroscope01";
			sourceTree = "<group>";
		};
/* End PBXGroup section */

/* Begin PBXNativeTarget section */
		FAD0F3E22168D894001C0CAB /* IOS-Swift-CoreMotionGyroscope01 */ = {
			isa = PBXNativeTarget;
			buildConfigurationList = FAD0F3F52168D897001C0CAB /* Build configuration list for PBXNativeTarget "IOS-Swift-CoreMotionGyroscope01" */;
			buildPhases = (
				FAD0F3DF2168D894001C0CAB /* Sources */,
				FAD0F3E02168D894001C0CAB /* Frameworks */,
				FAD0F3E12168D894001C0CAB /* Resources */,
			);
			buildRules = (
			);
			dependencies = (
			);
			name = "IOS-Swift-CoreMotionGyroscope01";
			productName = "IOS-Swift-CoreMotionGyroscope01";
			productReference = FAD0F3E32168D894001C0CAB /* IOS-Swift-CoreMotionGyroscope01.app */;
			productType = "com.apple.product-type.application";
		};
/* End PBXNativeTarget section */

/* Begin PBXProject section */
		FAD0F3DB2168D894001C0CAB /* Project object */ = {
			isa = PBXProject;
			attributes = {
				LastSwiftUpdateCheck = 1000;
				LastUpgradeCheck = 1000;
				ORGANIZATIONNAME = Pooya;
				TargetAttributes = {
					FAD0F3E22168D894001C0CAB = {
						CreatedOnToolsVersion = 10.0;
					};
				};
			};
			buildConfigurationList = FAD0F3DE2168D894001C0CAB /* Build configuration list for PBXProject "IOS-Swift-CoreMotionGyroscope01" */;
			compatibilityVersion = "Xcode 9.3";
			developmentRegion = en;
			hasScannedForEncodings = 0;
			knownRegions = (
				en,
				Base,
			);
			mainGroup = FAD0F3DA2168D894001C0CAB;
			productRefGroup = FAD0F3E42168D894001C0CAB /* Products */;
			projectDirPath = "";
			projectRoot = "";
			targets = (
				FAD0F3E22168D894001C0CAB /* IOS-Swift-CoreMotionGyroscope01 */,
			);
		};
/* End PBXProject section */

/* Begin PBXResourcesBuildPhase section */
		FAD0F3E12168D894001C0CAB /* Resources */ = {
			isa = PBXResourcesBuildPhase;
			buildActionMask = 2147483647;
			files = (
				FAD0F3F12168D897001C0CAB /* LaunchScreen.storyboard in Resources */,
				FAD0F3EE2168D897001C0CAB /* Assets.xcassets in Resources */,
				FAD0F3EC2168D894001C0CAB /* Main.storyboard in Resources */,
			);
			runOnlyForDeploymentPostprocessing = 0;
		};
/* End PBXResourcesBuildPhase section */

/* Begin PBXSourcesBuildPhase section */
		FAD0F3DF2168D894001C0CAB /* Sources */ = {
			isa = PBXSourcesBuildPhase;
			buildActionMask = 2147483647;
			files = (
				FAD0F3E92168D894001C0CAB /* ViewController.swift in Sources */,
				FAD0F3E72168D894001C0CAB /* AppDelegate.swift in Sources */,
			);
			runOnlyForDeploymentPostprocessing = 0;
		};
/* End PBXSourcesBuildPhase section */

/* Begin PBXVariantGroup section */
		FAD0F3EA2168D894001C0CAB /* Main.storyboard */ = {
			isa = PBXVariantGroup;
			children = (
				FAD0F3EB2168D894001C0CAB /* Base */,
			);
			name = Main.storyboard;
			sourceTree = "<group>";
		};
		FAD0F3EF2168D897001C0CAB /* LaunchScreen.storyboard */ = {
			isa = PBXVariantGroup;
			children = (
				FAD0F3F02168D897001C0CAB /* Base */,
			);
			name = LaunchScreen.storyboard;
			sourceTree = "<group>";
		};
/* End PBXVariantGroup section */

/* Begin XCBuildConfiguration section */
		FAD0F3F32168D897001C0CAB /* Debug */ = {
			isa = XCBuildConfiguration;
			buildSettings = {
				ALWAYS_SEARCH_USER_PATHS = NO;
				CLANG_ANALYZER_NONNULL = YES;
				CLANG_ANALYZER_NUMBER_OBJECT_CONVERSION = YES_AGGRESSIVE;
				CLANG_CXX_LANGUAGE_STANDARD = "gnu++14";
				CLANG_CXX_LIBRARY = "libc++";
				CLANG_ENABLE_MODULES = YES;
				CLANG_ENABLE_OBJC_ARC = YES;
				CLANG_ENABLE_OBJC_WEAK = YES;
				CLANG_WARN_BLOCK_CAPTURE_AUTORELEASING = YES;
				CLANG_WARN_BOOL_CONVERSION = YES;
				CLANG_WARN_COMMA = YES;
				CLANG_WARN_CONSTANT_CONVERSION = YES;
				CLANG_WARN_DEPRECATED_OBJC_IMPLEMENTATIONS = YES;
				CLANG_WARN_DIRECT_OBJC_ISA_USAGE = YES_ERROR;
				CLANG_WARN_DOCUMENTATION_COMMENTS = YES;
				CLANG_WARN_EMPTY_BODY = YES;
				CLANG_WARN_ENUM_CONVERSION = YES;
				CLANG_WARN_INFINITE_RECURSION = YES;
				CLANG_WARN_INT_CONVERSION = YES;
				CLANG_WARN_NON_LITERAL_NULL_CONVERSION = YES;
				CLANG_WARN_OBJC_IMPLICIT_RETAIN_SELF = YES;
				CLANG_WARN_OBJC_LITERAL_CONVERSION = YES;
				CLANG_WARN_OBJC_ROOT_CLASS = YES_ERROR;
				CLANG_WARN_RANGE_LOOP_ANALYSIS = YES;
				CLANG_WARN_STRICT_PROTOTYPES = YES;
				CLANG_WARN_SUSPICIOUS_MOVE = YES;
				CLANG_WARN_UNGUARDED_AVAILABILITY = YES_AGGRESSIVE;
				CLANG_WARN_UNREACHABLE_CODE = YES;
				CLANG_WARN__DUPLICATE_METHOD_MATCH = YES;
				CODE_SIGN_IDENTITY = "iPhone Developer";
				COPY_PHASE_STRIP = NO;
				DEBUG_INFORMATION_FORMAT = dwarf;
				ENABLE_STRICT_OBJC_MSGSEND = YES;
				ENABLE_TESTABILITY = YES;
				GCC_C_LANGUAGE_STANDARD = gnu11;
				GCC_DYNAMIC_NO_PIC = NO;
				GCC_NO_COMMON_BLOCKS = YES;
				GCC_OPTIMIZATION_LEVEL = 0;
				GCC_PREPROCESSOR_DEFINITIONS = (
					"DEBUG=1",
					"$(inherited)",
				);
				GCC_WARN_64_TO_32_BIT_CONVERSION = YES;
				GCC_WARN_ABOUT_RETURN_TYPE = YES_ERROR;
				GCC_WARN_UNDECLARED_SELECTOR = YES;
				GCC_WARN_UNINITIALIZED_AUTOS = YES_AGGRESSIVE;
				GCC_WARN_UNUSED_FUNCTION = YES;
				GCC_WARN_UNUSED_VARIABLE = YES;
				IPHONEOS_DEPLOYMENT_TARGET = 12.0;
				MTL_ENABLE_DEBUG_INFO = INCLUDE_SOURCE;
				MTL_FAST_MATH = YES;
				ONLY_ACTIVE_ARCH = YES;
				SDKROOT = iphoneos;
				SWIFT_ACTIVE_COMPILATION_CONDITIONS = DEBUG;
				SWIFT_OPTIMIZATION_LEVEL = "-Onone";
			};
			name = Debug;
		};
		FAD0F3F42168D897001C0CAB /* Release */ = {
			isa = XCBuildConfiguration;
			buildSettings = {
				ALWAYS_SEARCH_USER_PATHS = NO;
				CLANG_ANALYZER_NONNULL = YES;
				CLANG_ANALYZER_NUMBER_OBJECT_CONVERSION = YES_AGGRESSIVE;
				CLANG_CXX_LANGUAGE_STANDARD = "gnu++14";
				CLANG_CXX_LIBRARY = "libc++";
				CLANG_ENABLE_MODULES = YES;
				CLANG_ENABLE_OBJC_ARC = YES;
				CLANG_ENABLE_OBJC_WEAK = YES;
				CLANG_WARN_BLOCK_CAPTURE_AUTORELEASING = YES;
				CLANG_WARN_BOOL_CONVERSION = YES;
				CLANG_WARN_COMMA = YES;
				CLANG_WARN_CONSTANT_CONVERSION = YES;
				CLANG_WARN_DEPRECATED_OBJC_IMPLEMENTATIONS = YES;
				CLANG_WARN_DIRECT_OBJC_ISA_USAGE = YES_ERROR;
				CLANG_WARN_DOCUMENTATION_COMMENTS = YES;
				CLANG_WARN_EMPTY_BODY = YES;
				CLANG_WARN_ENUM_CONVERSION = YES;
				CLANG_WARN_INFINITE_RECURSION = YES;
				CLANG_WARN_INT_CONVERSION = YES;
				CLANG_WARN_NON_LITERAL_NULL_CONVERSION = YES;
				CLANG_WARN_OBJC_IMPLICIT_RETAIN_SELF = YES;
				CLANG_WARN_OBJC_LITERAL_CONVERSION = YES;
				CLANG_WARN_OBJC_ROOT_CLASS = YES_ERROR;
				CLANG_WARN_RANGE_LOOP_ANALYSIS = YES;
				CLANG_WARN_STRICT_PROTOTYPES = YES;
				CLANG_WARN_SUSPICIOUS_MOVE = YES;
				CLANG_WARN_UNGUARDED_AVAILABILITY = YES_AGGRESSIVE;
				CLANG_WARN_UNREACHABLE_CODE = YES;
				CLANG_WARN__DUPLICATE_METHOD_MATCH = YES;
				CODE_SIGN_IDENTITY = "iPhone Developer";
				COPY_PHASE_STRIP = NO;
				DEBUG_INFORMATION_FORMAT = "dwarf-with-dsym";
				ENABLE_NS_ASSERTIONS = NO;
				ENABLE_STRICT_OBJC_MSGSEND = YES;
				GCC_C_LANGUAGE_STANDARD = gnu11;
				GCC_NO_COMMON_BLOCKS = YES;
				GCC_WARN_64_TO_32_BIT_CONVERSION = YES;
				GCC_WARN_ABOUT_RETURN_TYPE = YES_ERROR;
				GCC_WARN_UNDECLARED_SELECTOR = YES;
				GCC_WARN_UNINITIALIZED_AUTOS = YES_AGGRESSIVE;
				GCC_WARN_UNUSED_FUNCTION = YES;
				GCC_WARN_UNUSED_VARIABLE = YES;
				IPHONEOS_DEPLOYMENT_TARGET = 12.0;
				MTL_ENABLE_DEBUG_INFO = NO;
				MTL_FAST_MATH = YES;
				SDKROOT = iphoneos;
				SWIFT_COMPILATION_MODE = wholemodule;
				SWIFT_OPTIMIZATION_LEVEL = "-O";
				VALIDATE_PRODUCT = YES;
			};
			name = Release;
		};
		FAD0F3F62168D897001C0CAB /* Debug */ = {
			isa = XCBuildConfiguration;
			buildSettings = {
				ASSETCATALOG_COMPILER_APPICON_NAME = AppIcon;
				CODE_SIGN_STYLE = Automatic;
				INFOPLIST_FILE = "IOS-Swift-CoreMotionGyroscope01/Info.plist";
				LD_RUNPATH_SEARCH_PATHS = (
					"$(inherited)",
					"@executable_path/Frameworks",
				);
				PRODUCT_BUNDLE_IDENTIFIER = "com.pooya.brain.dev.IOS-Swift-CoreMotionGyroscope01";
				PRODUCT_NAME = "$(TARGET_NAME)";
				SWIFT_VERSION = 4.2;
				TARGETED_DEVICE_FAMILY = "1,2";
			};
			name = Debug;
		};
		FAD0F3F72168D897001C0CAB /* Release */ = {
			isa = XCBuildConfiguration;
			buildSettings = {
				ASSETCATALOG_COMPILER_APPICON_NAME = AppIcon;
				CODE_SIGN_STYLE = Automatic;
				INFOPLIST_FILE = "IOS-Swift-CoreMotionGyroscope01/Info.plist";
				LD_RUNPATH_SEARCH_PATHS = (
					"$(inherited)",
					"@executable_path/Frameworks",
				);
				PRODUCT_BUNDLE_IDENTIFIER = "com.pooya.brain.dev.IOS-Swift-CoreMotionGyroscope01";
				PRODUCT_NAME = "$(TARGET_NAME)";
				SWIFT_VERSION = 4.2;
				TARGETED_DEVICE_FAMILY = "1,2";
			};
			name = Release;
		};
/* End XCBuildConfiguration section */

/* Begin XCConfigurationList section */
		FAD0F3DE2168D894001C0CAB /* Build configuration list for PBXProject "IOS-Swift-CoreMotionGyroscope01" */ = {
			isa = XCConfigurationList;
			buildConfigurations = (
				FAD0F3F32168D897001C0CAB /* Debug */,
				FAD0F3F42168D897001C0CAB /* Release */,
			);
			defaultConfigurationIsVisible = 0;
			defaultConfigurationName = Release;
		};
		FAD0F3F52168D897001C0CAB /* Build configuration list for PBXNativeTarget "IOS-Swift-CoreMotionGyroscope01" */ = {
			isa = XCConfigurationList;
			buildConfigurations = (
				FAD0F3F62168D897001C0CAB /* Debug */,
				FAD0F3F72168D897001C0CAB /* Release */,
			);
			defaultConfigurationIsVisible = 0;
			defaultConfigurationName = Release;
		};
/* End XCConfigurationList section */
	};
	rootObject = FAD0F3DB2168D894001C0CAB /* Project object */;
}
